// !$*UTF8*$!
{
	archiveVersion = 1;
	classes = {
	};
	objectVersion = 77;
	objects = {

/* Begin PBXContainerItemProxy section */
		DA42A5F02DE00D1300B2199E /* PBXContainerItemProxy */ = {
			isa = PBXContainerItemProxy;
			containerPortal = DA42A5D72DE00D1200B2199E /* Project object */;
			proxyType = 1;
			remoteGlobalIDString = DA42A5DE2DE00D1200B2199E;
			remoteInfo = Omni;
		};
		DA42A5FA2DE00D1300B2199E /* PBXContainerItemProxy */ = {
			isa = PBXContainerItemProxy;
			containerPortal = DA42A5D72DE00D1200B2199E /* Project object */;
			proxyType = 1;
			remoteGlobalIDString = DA42A5DE2DE00D1200B2199E;
			remoteInfo = Omni;
		};
/* End PBXContainerItemProxy section */

/* Begin PBXFileReference section */
		DA42A5DF2DE00D1200B2199E /* Omni.app */ = {isa = PBXFileReference; explicitFileType = wrapper.application; includeInIndex = 0; path = Omni.app; sourceTree = BUILT_PRODUCTS_DIR; };
		DA42A5EF2DE00D1300B2199E /* OmniTests.xctest */ = {isa = PBXFileReference; explicitFileType = wrapper.cfbundle; includeInIndex = 0; path = OmniTests.xctest; sourceTree = BUILT_PRODUCTS_DIR; };
		DA42A5F92DE00D1300B2199E /* OmniUITests.xctest */ = {isa = PBXFileReference; explicitFileType = wrapper.cfbundle; includeInIndex = 0; path = OmniUITests.xctest; sourceTree = BUILT_PRODUCTS_DIR; };
/* End PBXFileReference section */

/* Begin PBXFileSystemSynchronizedRootGroup section */
		DA42A5E12DE00D1200B2199E /* Omni */ = {
			isa = PBXFileSystemSynchronizedRootGroup;
			path = Omni;
			sourceTree = "<group>";
		};
		DA42A5F22DE00D1300B2199E /* OmniTests */ = {
			isa = PBXFileSystemSynchronizedRootGroup;
			path = OmniTests;
			sourceTree = "<group>";
		};
		DA42A5FC2DE00D1300B2199E /* OmniUITests */ = {
			isa = PBXFileSystemSynchronizedRootGroup;
			path = OmniUITests;
			sourceTree = "<group>";
		};
/* End PBXFileSystemSynchronizedRootGroup section */

/* Begin PBXFrameworksBuildPhase section */
		DA42A5DC2DE00D1200B2199E /* Frameworks */ = {
			isa = PBXFrameworksBuildPhase;
			buildActionMask = 2147483647;
			files = (
			);
			runOnlyForDeploymentPostprocessing = 0;
		};
		DA42A5EC2DE00D1300B2199E /* Frameworks */ = {
			isa = PBXFrameworksBuildPhase;
			buildActionMask = 2147483647;
			files = (
			);
			runOnlyForDeploymentPostprocessing = 0;
		};
		DA42A5F62DE00D1300B2199E /* Frameworks */ = {
			isa = PBXFrameworksBuildPhase;
			buildActionMask = 2147483647;
			files = (
			);
			runOnlyForDeploymentPostprocessing = 0;
		};
/* End PBXFrameworksBuildPhase section */

/* Begin PBXGroup section */
		DA42A5D62DE00D1200B2199E = {
			isa = PBXGroup;
			children = (
				DA42A5E12DE00D1200B2199E /* Omni */,
				DA42A5F22DE00D1300B2199E /* OmniTests */,
				DA42A5FC2DE00D1300B2199E /* OmniUITests */,
				DA42A5E02DE00D1200B2199E /* Products */,
			);
			sourceTree = "<group>";
		};
		DA42A5E02DE00D1200B2199E /* Products */ = {
			isa = PBXGroup;
			children = (
				DA42A5DF2DE00D1200B2199E /* Omni.app */,
				DA42A5EF2DE00D1300B2199E /* OmniTests.xctest */,
				DA42A5F92DE00D1300B2199E /* OmniUITests.xctest */,
			);
			name = Products;
			sourceTree = "<group>";
		};
/* End PBXGroup section */

/* Begin PBXNativeTarget section */
		DA42A5DE2DE00D1200B2199E /* Omni */ = {
			isa = PBXNativeTarget;
			buildConfigurationList = DA42A6032DE00D1300B2199E /* Build configuration list for PBXNativeTarget "Omni" */;
			buildPhases = (
				DA42A5DB2DE00D1200B2199E /* Sources */,
				DA42A5DC2DE00D1200B2199E /* Frameworks */,
				DA42A5DD2DE00D1200B2199E /* Resources */,
			);
			buildRules = (
			);
			dependencies = (
			);
			fileSystemSynchronizedGroups = (
				DA42A5E12DE00D1200B2199E /* Omni */,
			);
			name = Omni;
			packageProductDependencies = (
			);
			productName = Omni;
			productReference = DA42A5DF2DE00D1200B2199E /* Omni.app */;
			productType = "com.apple.product-type.application";
		};
		DA42A5EE2DE00D1300B2199E /* OmniTests */ = {
			isa = PBXNativeTarget;
			buildConfigurationList = DA42A6062DE00D1300B2199E /* Build configuration list for PBXNativeTarget "OmniTests" */;
			buildPhases = (
				DA42A5EB2DE00D1300B2199E /* Sources */,
				DA42A5EC2DE00D1300B2199E /* Frameworks */,
				DA42A5ED2DE00D1300B2199E /* Resources */,
			);
			buildRules = (
			);
			dependencies = (
				DA42A5F12DE00D1300B2199E /* PBXTargetDependency */,
			);
			fileSystemSynchronizedGroups = (
				DA42A5F22DE00D1300B2199E /* OmniTests */,
			);
			name = OmniTests;
			packageProductDependencies = (
			);
			productName = OmniTests;
			productReference = DA42A5EF2DE00D1300B2199E /* OmniTests.xctest */;
			productType = "com.apple.product-type.bundle.unit-test";
		};
		DA42A5F82DE00D1300B2199E /* OmniUITests */ = {
			isa = PBXNativeTarget;
			buildConfigurationList = DA42A6092DE00D1300B2199E /* Build configuration list for PBXNativeTarget "OmniUITests" */;
			buildPhases = (
				DA42A5F52DE00D1300B2199E /* Sources */,
				DA42A5F62DE00D1300B2199E /* Frameworks */,
				DA42A5F72DE00D1300B2199E /* Resources */,
			);
			buildRules = (
			);
			dependencies = (
				DA42A5FB2DE00D1300B2199E /* PBXTargetDependency */,
			);
			fileSystemSynchronizedGroups = (
				DA42A5FC2DE00D1300B2199E /* OmniUITests */,
			);
			name = OmniUITests;
			packageProductDependencies = (
			);
			productName = OmniUITests;
			productReference = DA42A5F92DE00D1300B2199E /* OmniUITests.xctest */;
			productType = "com.apple.product-type.bundle.ui-testing";
		};
/* End PBXNativeTarget section */

/* Begin PBXProject section */
		DA42A5D72DE00D1200B2199E /* Project object */ = {
			isa = PBXProject;
			attributes = {
				BuildIndependentTargetsInParallel = 1;
				LastSwiftUpdateCheck = 1630;
				LastUpgradeCheck = 1630;
				TargetAttributes = {
					DA42A5DE2DE00D1200B2199E = {
						CreatedOnToolsVersion = 16.3;
					};
					DA42A5EE2DE00D1300B2199E = {
						CreatedOnToolsVersion = 16.3;
						TestTargetID = DA42A5DE2DE00D1200B2199E;
					};
					DA42A5F82DE00D1300B2199E = {
						CreatedOnToolsVersion = 16.3;
						TestTargetID = DA42A5DE2DE00D1200B2199E;
					};
				};
			};
			buildConfigurationList = DA42A5DA2DE00D1200B2199E /* Build configuration list for PBXProject "Omni" */;
			developmentRegion = en;
			hasScannedForEncodings = 0;
			knownRegions = (
				en,
				Base,
			);
			mainGroup = DA42A5D62DE00D1200B2199E;
			minimizedProjectReferenceProxies = 1;
			preferredProjectObjectVersion = 77;
			productRefGroup = DA42A5E02DE00D1200B2199E /* Products */;
			projectDirPath = "";
			projectRoot = "";
			targets = (
				DA42A5DE2DE00D1200B2199E /* Omni */,
				DA42A5EE2DE00D1300B2199E /* OmniTests */,
				DA42A5F82DE00D1300B2199E /* OmniUITests */,
			);
		};
/* End PBXProject section */

/* Begin PBXResourcesBuildPhase section */
		DA42A5DD2DE00D1200B2199E /* Resources */ = {
			isa = PBXResourcesBuildPhase;
			buildActionMask = 2147483647;
			files = (
			);
			runOnlyForDeploymentPostprocessing = 0;
		};
		DA42A5ED2DE00D1300B2199E /* Resources */ = {
			isa = PBXResourcesBuildPhase;
			buildActionMask = 2147483647;
			files = (
			);
			runOnlyForDeploymentPostprocessing = 0;
		};
		DA42A5F72DE00D1300B2199E /* Resources */ = {
			isa = PBXResourcesBuildPhase;
			buildActionMask = 2147483647;
			files = (
			);
			runOnlyForDeploymentPostprocessing = 0;
		};
/* End PBXResourcesBuildPhase section */

/* Begin PBXSourcesBuildPhase section */
		DA42A5DB2DE00D1200B2199E /* Sources */ = {
			isa = PBXSourcesBuildPhase;
			buildActionMask = 2147483647;
			files = (
			);
			runOnlyForDeploymentPostprocessing = 0;
		};
		DA42A5EB2DE00D1300B2199E /* Sources */ = {
			isa = PBXSourcesBuildPhase;
			buildActionMask = 2147483647;
			files = (
			);
			runOnlyForDeploymentPostprocessing = 0;
		};
		DA42A5F52DE00D1300B2199E /* Sources */ = {
			isa = PBXSourcesBuildPhase;
			buildActionMask = 2147483647;
			files = (
			);
			runOnlyForDeploymentPostprocessing = 0;
		};
/* End PBXSourcesBuildPhase section */

/* Begin PBXTargetDependency section */
		DA42A5F12DE00D1300B2199E /* PBXTargetDependency */ = {
			isa = PBXTargetDependency;
			target = DA42A5DE2DE00D1200B2199E /* Omni */;
			targetProxy = DA42A5F02DE00D1300B2199E /* PBXContainerItemProxy */;
		};
		DA42A5FB2DE00D1300B2199E /* PBXTargetDependency */ = {
			isa = PBXTargetDependency;
			target = DA42A5DE2DE00D1200B2199E /* Omni */;
			targetProxy = DA42A5FA2DE00D1300B2199E /* PBXContainerItemProxy */;
		};
/* End PBXTargetDependency section */

/* Begin XCBuildConfiguration section */
		DA42A6012DE00D1300B2199E /* Debug */ = {
			isa = XCBuildConfiguration;
			buildSettings = {
				ALWAYS_SEARCH_USER_PATHS = NO;
				ASSETCATALOG_COMPILER_GENERATE_SWIFT_ASSET_SYMBOL_EXTENSIONS = YES;
				CLANG_ANALYZER_NONNULL = YES;
				CLANG_ANALYZER_NUMBER_OBJECT_CONVERSION = YES_AGGRESSIVE;
				CLANG_CXX_LANGUAGE_STANDARD = "gnu++20";
				CLANG_ENABLE_MODULES = YES;
				CLANG_ENABLE_OBJC_ARC = YES;
				CLANG_ENABLE_OBJC_WEAK = YES;
				CLANG_WARN_BLOCK_CAPTURE_AUTORELEASING = YES;
				CLANG_WARN_BOOL_CONVERSION = YES;
				CLANG_WARN_COMMA = YES;
				CLANG_WARN_CONSTANT_CONVERSION = YES;
				CLANG_WARN_DEPRECATED_OBJC_IMPLEMENTATIONS = YES;
				CLANG_WARN_DIRECT_OBJC_ISA_USAGE = YES_ERROR;
				CLANG_WARN_DOCUMENTATION_COMMENTS = YES;
				CLANG_WARN_EMPTY_BODY = YES;
				CLANG_WARN_ENUM_CONVERSION = YES;
				CLANG_WARN_INFINITE_RECURSION = YES;
				CLANG_WARN_INT_CONVERSION = YES;
				CLANG_WARN_NON_LITERAL_NULL_CONVERSION = YES;
				CLANG_WARN_OBJC_IMPLICIT_RETAIN_SELF = YES;
				CLANG_WARN_OBJC_LITERAL_CONVERSION = YES;
				CLANG_WARN_OBJC_ROOT_CLASS = YES_ERROR;
				CLANG_WARN_QUOTED_INCLUDE_IN_FRAMEWORK_HEADER = YES;
				CLANG_WARN_RANGE_LOOP_ANALYSIS = YES;
				CLANG_WARN_STRICT_PROTOTYPES = YES;
				CLANG_WARN_SUSPICIOUS_MOVE = YES;
				CLANG_WARN_UNGUARDED_AVAILABILITY = YES_AGGRESSIVE;
				CLANG_WARN_UNREACHABLE_CODE = YES;
				CLANG_WARN__DUPLICATE_METHOD_MATCH = YES;
				COPY_PHASE_STRIP = NO;
				DEBUG_INFORMATION_FORMAT = dwarf;
				DEVELOPMENT_TEAM = 5GF99B97G2;
				ENABLE_STRICT_OBJC_MSGSEND = YES;
				ENABLE_TESTABILITY = YES;
				ENABLE_USER_SCRIPT_SANDBOXING = YES;
				GCC_C_LANGUAGE_STANDARD = gnu17;
				GCC_DYNAMIC_NO_PIC = NO;
				GCC_NO_COMMON_BLOCKS = YES;
				GCC_OPTIMIZATION_LEVEL = 0;
				GCC_PREPROCESSOR_DEFINITIONS = (
					"DEBUG=1",
					"$(inherited)",
				);
				GCC_WARN_64_TO_32_BIT_CONVERSION = YES;
				GCC_WARN_ABOUT_RETURN_TYPE = YES_ERROR;
				GCC_WARN_UNDECLARED_SELECTOR = YES;
				GCC_WARN_UNINITIALIZED_AUTOS = YES_AGGRESSIVE;
				GCC_WARN_UNUSED_FUNCTION = YES;
				GCC_WARN_UNUSED_VARIABLE = YES;
				LOCALIZATION_PREFERS_STRING_CATALOGS = YES;
				MACOSX_DEPLOYMENT_TARGET = 15.4;
				MTL_ENABLE_DEBUG_INFO = INCLUDE_SOURCE;
				MTL_FAST_MATH = YES;
				ONLY_ACTIVE_ARCH = YES;
				SDKROOT = macosx;
				SWIFT_ACTIVE_COMPILATION_CONDITIONS = "DEBUG $(inherited)";
				SWIFT_OPTIMIZATION_LEVEL = "-Onone";
			};
			name = Debug;
		};
		DA42A6022DE00D1300B2199E /* Release */ = {
			isa = XCBuildConfiguration;
			buildSettings = {
				ALWAYS_SEARCH_USER_PATHS = NO;
				ASSETCATALOG_COMPILER_GENERATE_SWIFT_ASSET_SYMBOL_EXTENSIONS = YES;
				CLANG_ANALYZER_NONNULL = YES;
				CLANG_ANALYZER_NUMBER_OBJECT_CONVERSION = YES_AGGRESSIVE;
				CLANG_CXX_LANGUAGE_STANDARD = "gnu++20";
				CLANG_ENABLE_MODULES = YES;
				CLANG_ENABLE_OBJC_ARC = YES;
				CLANG_ENABLE_OBJC_WEAK = YES;
				CLANG_WARN_BLOCK_CAPTURE_AUTORELEASING = YES;
				CLANG_WARN_BOOL_CONVERSION = YES;
				CLANG_WARN_COMMA = YES;
				CLANG_WARN_CONSTANT_CONVERSION = YES;
				CLANG_WARN_DEPRECATED_OBJC_IMPLEMENTATIONS = YES;
				CLANG_WARN_DIRECT_OBJC_ISA_USAGE = YES_ERROR;
				CLANG_WARN_DOCUMENTATION_COMMENTS = YES;
				CLANG_WARN_EMPTY_BODY = YES;
				CLANG_WARN_ENUM_CONVERSION = YES;
				CLANG_WARN_INFINITE_RECURSION = YES;
				CLANG_WARN_INT_CONVERSION = YES;
				CLANG_WARN_NON_LITERAL_NULL_CONVERSION = YES;
				CLANG_WARN_OBJC_IMPLICIT_RETAIN_SELF = YES;
				CLANG_WARN_OBJC_LITERAL_CONVERSION = YES;
				CLANG_WARN_OBJC_ROOT_CLASS = YES_ERROR;
				CLANG_WARN_QUOTED_INCLUDE_IN_FRAMEWORK_HEADER = YES;
				CLANG_WARN_RANGE_LOOP_ANALYSIS = YES;
				CLANG_WARN_STRICT_PROTOTYPES = YES;
				CLANG_WARN_SUSPICIOUS_MOVE = YES;
				CLANG_WARN_UNGUARDED_AVAILABILITY = YES_AGGRESSIVE;
				CLANG_WARN_UNREACHABLE_CODE = YES;
				CLANG_WARN__DUPLICATE_METHOD_MATCH = YES;
				COPY_PHASE_STRIP = NO;
				DEBUG_INFORMATION_FORMAT = "dwarf-with-dsym";
				DEVELOPMENT_TEAM = 5GF99B97G2;
				ENABLE_NS_ASSERTIONS = NO;
				ENABLE_STRICT_OBJC_MSGSEND = YES;
				ENABLE_USER_SCRIPT_SANDBOXING = YES;
				GCC_C_LANGUAGE_STANDARD = gnu17;
				GCC_NO_COMMON_BLOCKS = YES;
				GCC_WARN_64_TO_32_BIT_CONVERSION = YES;
				GCC_WARN_ABOUT_RETURN_TYPE = YES_ERROR;
				GCC_WARN_UNDECLARED_SELECTOR = YES;
				GCC_WARN_UNINITIALIZED_AUTOS = YES_AGGRESSIVE;
				GCC_WARN_UNUSED_FUNCTION = YES;
				GCC_WARN_UNUSED_VARIABLE = YES;
				LOCALIZATION_PREFERS_STRING_CATALOGS = YES;
				MACOSX_DEPLOYMENT_TARGET = 15.4;
				MTL_ENABLE_DEBUG_INFO = NO;
				MTL_FAST_MATH = YES;
				SDKROOT = macosx;
				SWIFT_COMPILATION_MODE = wholemodule;
			};
			name = Release;
		};
		DA42A6042DE00D1300B2199E /* Debug */ = {
			isa = XCBuildConfiguration;
			buildSettings = {
				ASSETCATALOG_COMPILER_APPICON_NAME = AppIcon;
				ASSETCATALOG_COMPILER_GLOBAL_ACCENT_COLOR_NAME = AccentColor;
				CODE_SIGN_ENTITLEMENTS = Omni/Omni.entitlements;
				"CODE_SIGN_IDENTITY[sdk=macosx*]" = "-";
				CODE_SIGN_STYLE = Automatic;
				COMBINE_HIDPI_IMAGES = YES;
				CURRENT_PROJECT_VERSION = 1;
				DEVELOPMENT_TEAM = 5GF99B97G2;
				ENABLE_HARDENED_RUNTIME = YES;
				ENABLE_PREVIEWS = YES;
				GENERATE_INFOPLIST_FILE = YES;
				INFOPLIST_KEY_LSApplicationCategoryType = "public.app-category.productivity";
				INFOPLIST_KEY_NSHumanReadableCopyright = "";
				LD_RUNPATH_SEARCH_PATHS = (
					"$(inherited)",
					"@executable_path/../Frameworks",
				);
				MACOSX_DEPLOYMENT_TARGET = 14.0;
				MARKETING_VERSION = 1.0;
				PRODUCT_BUNDLE_IDENTIFIER = dev.emergentlabs.Omni;
				PRODUCT_NAME = "$(TARGET_NAME)";
				REGISTER_APP_GROUPS = YES;
				SWIFT_EMIT_LOC_STRINGS = YES;
				SWIFT_VERSION = 5.0;
			};
			name = Debug;
		};
		DA42A6052DE00D1300B2199E /* Release */ = {
			isa = XCBuildConfiguration;
			buildSettings = {
				ASSETCATALOG_COMPILER_APPICON_NAME = AppIcon;
				ASSETCATALOG_COMPILER_GLOBAL_ACCENT_COLOR_NAME = AccentColor;
				CODE_SIGN_ENTITLEMENTS = Omni/Omni.entitlements;
				"CODE_SIGN_IDENTITY[sdk=macosx*]" = "-";
				CODE_SIGN_STYLE = Automatic;
				COMBINE_HIDPI_IMAGES = YES;
				CURRENT_PROJECT_VERSION = 1;
				DEVELOPMENT_TEAM = 5GF99B97G2;
				ENABLE_HARDENED_RUNTIME = YES;
				ENABLE_PREVIEWS = YES;
				GENERATE_INFOPLIST_FILE = YES;
				INFOPLIST_KEY_LSApplicationCategoryType = "public.app-category.productivity";
				INFOPLIST_KEY_NSHumanReadableCopyright = "";
				LD_RUNPATH_SEARCH_PATHS = (
					"$(inherited)",
					"@executable_path/../Frameworks",
				);
				MACOSX_DEPLOYMENT_TARGET = 14.0;
				MARKETING_VERSION = 1.0;
				PRODUCT_BUNDLE_IDENTIFIER = dev.emergentlabs.Omni;
				PRODUCT_NAME = "$(TARGET_NAME)";
				REGISTER_APP_GROUPS = YES;
				SWIFT_EMIT_LOC_STRINGS = YES;
				SWIFT_VERSION = 5.0;
			};
			name = Release;
		};
		DA42A6072DE00D1300B2199E /* Debug */ = {
			isa = XCBuildConfiguration;
			buildSettings = {
				BUNDLE_LOADER = "$(TEST_HOST)";
				CODE_SIGN_STYLE = Automatic;
				CURRENT_PROJECT_VERSION = 1;
				DEVELOPMENT_TEAM = 5GF99B97G2;
				GENERATE_INFOPLIST_FILE = YES;
				MACOSX_DEPLOYMENT_TARGET = 14.0;
				MARKETING_VERSION = 1.0;
				PRODUCT_BUNDLE_IDENTIFIER = dev.emergentlabs.OmniTests;
				PRODUCT_NAME = "$(TARGET_NAME)";
				SWIFT_EMIT_LOC_STRINGS = NO;
				SWIFT_VERSION = 5.0;
				TEST_HOST = "$(BUILT_PRODUCTS_DIR)/Omni.app/$(BUNDLE_EXECUTABLE_FOLDER_PATH)/Omni";
			};
			name = Debug;
		};
		DA42A6082DE00D1300B2199E /* Release */ = {
			isa = XCBuildConfiguration;
			buildSettings = {
				BUNDLE_LOADER = "$(TEST_HOST)";
				CODE_SIGN_STYLE = Automatic;
				CURRENT_PROJECT_VERSION = 1;
				DEVELOPMENT_TEAM = 5GF99B97G2;
				GENERATE_INFOPLIST_FILE = YES;
				MACOSX_DEPLOYMENT_TARGET = 14.0;
				MARKETING_VERSION = 1.0;
				PRODUCT_BUNDLE_IDENTIFIER = dev.emergentlabs.OmniTests;
				PRODUCT_NAME = "$(TARGET_NAME)";
				SWIFT_EMIT_LOC_STRINGS = NO;
				SWIFT_VERSION = 5.0;
				TEST_HOST = "$(BUILT_PRODUCTS_DIR)/Omni.app/$(BUNDLE_EXECUTABLE_FOLDER_PATH)/Omni";
			};
			name = Release;
		};
		DA42A60A2DE00D1300B2199E /* Debug */ = {
			isa = XCBuildConfiguration;
			buildSettings = {
				CODE_SIGN_STYLE = Automatic;
				CURRENT_PROJECT_VERSION = 1;
				DEVELOPMENT_TEAM = 5GF99B97G2;
				GENERATE_INFOPLIST_FILE = YES;
				MARKETING_VERSION = 1.0;
				PRODUCT_BUNDLE_IDENTIFIER = dev.emergentlabs.OmniUITests;
				PRODUCT_NAME = "$(TARGET_NAME)";
				SWIFT_EMIT_LOC_STRINGS = NO;
				SWIFT_VERSION = 5.0;
				TEST_TARGET_NAME = Omni;
			};
			name = Debug;
		};
		DA42A60B2DE00D1300B2199E /* Release */ = {
			isa = XCBuildConfiguration;
			buildSettings = {
				CODE_SIGN_STYLE = Automatic;
				CURRENT_PROJECT_VERSION = 1;
				DEVELOPMENT_TEAM = 5GF99B97G2;
				GENERATE_INFOPLIST_FILE = YES;
				MARKETING_VERSION = 1.0;
				PRODUCT_BUNDLE_IDENTIFIER = dev.emergentlabs.OmniUITests;
				PRODUCT_NAME = "$(TARGET_NAME)";
				SWIFT_EMIT_LOC_STRINGS = NO;
				SWIFT_VERSION = 5.0;
				TEST_TARGET_NAME = Omni;
			};
			name = Release;
		};
/* End XCBuildConfiguration section */

/* Begin XCConfigurationList section */
		DA42A5DA2DE00D1200B2199E /* Build configuration list for PBXProject "Omni" */ = {
			isa = XCConfigurationList;
			buildConfigurations = (
				DA42A6012DE00D1300B2199E /* Debug */,
				DA42A6022DE00D1300B2199E /* Release */,
			);
			defaultConfigurationIsVisible = 0;
			defaultConfigurationName = Release;
		};
		DA42A6032DE00D1300B2199E /* Build configuration list for PBXNativeTarget "Omni" */ = {
			isa = XCConfigurationList;
			buildConfigurations = (
				DA42A6042DE00D1300B2199E /* Debug */,
				DA42A6052DE00D1300B2199E /* Release */,
			);
			defaultConfigurationIsVisible = 0;
			defaultConfigurationName = Release;
		};
		DA42A6062DE00D1300B2199E /* Build configuration list for PBXNativeTarget "OmniTests" */ = {
			isa = XCConfigurationList;
			buildConfigurations = (
				DA42A6072DE00D1300B2199E /* Debug */,
				DA42A6082DE00D1300B2199E /* Release */,
			);
			defaultConfigurationIsVisible = 0;
			defaultConfigurationName = Release;
		};
		DA42A6092DE00D1300B2199E /* Build configuration list for PBXNativeTarget "OmniUITests" */ = {
			isa = XCConfigurationList;
			buildConfigurations = (
				DA42A60A2DE00D1300B2199E /* Debug */,
				DA42A60B2DE00D1300B2199E /* Release */,
			);
			defaultConfigurationIsVisible = 0;
			defaultConfigurationName = Release;
		};
/* End XCConfigurationList section */
	};
	rootObject = DA42A5D72DE00D1200B2199E /* Project object */;
}
